// !$*UTF8*$!
{
	archiveVersion = 1;
	classes = {
	};
	objectVersion = 60;
	objects = {

/* Begin PBXBuildFile section */
		B03F8D4B2BADC80700B38395 /* HomeyVisualsApp.swift in Sources */ = {isa = PBXBuildFile; fileRef = B03F8D4A2BADC80700B38395 /* HomeyVisualsApp.swift */; };
		B03F8D4F2BADC80900B38395 /* Assets.xcassets in Resources */ = {isa = PBXBuildFile; fileRef = B03F8D4E2BADC80900B38395 /* Assets.xcassets */; };
		B03F8D522BADC80900B38395 /* Preview Assets.xcassets in Resources */ = {isa = PBXBuildFile; fileRef = B03F8D512BADC80900B38395 /* Preview Assets.xcassets */; };
		B03F8D5C2BADC82700B38395 /* ContentView.swift in Sources */ = {isa = PBXBuildFile; fileRef = B03F8D592BADC82700B38395 /* ContentView.swift */; };
		B03F8D5D2BADC82700B38395 /* MIDIHelper.swift in Sources */ = {isa = PBXBuildFile; fileRef = B03F8D5A2BADC82700B38395 /* MIDIHelper.swift */; };
		B03F8D5E2BADC82700B38395 /* Utilities.swift in Sources */ = {isa = PBXBuildFile; fileRef = B03F8D5B2BADC82700B38395 /* Utilities.swift */; };
		B03F8D612BADC88C00B38395 /* MIDIKit in Frameworks */ = {isa = PBXBuildFile; productRef = B03F8D602BADC88C00B38395 /* MIDIKit */; };
		B03F8D632BADC88C00B38395 /* MIDIKitIO in Frameworks */ = {isa = PBXBuildFile; productRef = B03F8D622BADC88C00B38395 /* MIDIKitIO */; };
		B0C088012BB8284600E454A0 /* InfoPlist.xcstrings in Resources */ = {isa = PBXBuildFile; fileRef = B0C088002BB8284600E454A0 /* InfoPlist.xcstrings */; };
		B0C8EFDB2BB37838005874C3 /* Tonic in Frameworks */ = {isa = PBXBuildFile; productRef = B0C8EFDA2BB37838005874C3 /* Tonic */; };
		B0E055A82C90C89A00A99DFC /* Tonic in Frameworks */ = {isa = PBXBuildFile; productRef = B0E055A72C90C89A00A99DFC /* Tonic */; };
		B0E6937A2BB3774400A584B4 /* Tonic in Frameworks */ = {isa = PBXBuildFile; productRef = B0E693792BB3774400A584B4 /* Tonic */; };
		B0E6937C2BB3778500A584B4 /* Tonic in Frameworks */ = {isa = PBXBuildFile; productRef = B0E6937B2BB3778500A584B4 /* Tonic */; };
		B0E6937F2BB377C800A584B4 /* Tonic in Frameworks */ = {isa = PBXBuildFile; productRef = B0E6937E2BB377C800A584B4 /* Tonic */; };
/* End PBXBuildFile section */

/* Begin PBXFileReference section */
		B03F8D472BADC80700B38395 /* HomeyVisuals.app */ = {isa = PBXFileReference; explicitFileType = wrapper.application; includeInIndex = 0; path = HomeyVisuals.app; sourceTree = BUILT_PRODUCTS_DIR; };
		B03F8D4A2BADC80700B38395 /* HomeyVisualsApp.swift */ = {isa = PBXFileReference; lastKnownFileType = sourcecode.swift; path = HomeyVisualsApp.swift; sourceTree = "<group>"; };
		B03F8D4E2BADC80900B38395 /* Assets.xcassets */ = {isa = PBXFileReference; lastKnownFileType = folder.assetcatalog; path = Assets.xcassets; sourceTree = "<group>"; };
		B03F8D512BADC80900B38395 /* Preview Assets.xcassets */ = {isa = PBXFileReference; lastKnownFileType = folder.assetcatalog; path = "Preview Assets.xcassets"; sourceTree = "<group>"; };
		B03F8D532BADC80900B38395 /* HomeyVisuals.entitlements */ = {isa = PBXFileReference; lastKnownFileType = text.plist.entitlements; path = HomeyVisuals.entitlements; sourceTree = "<group>"; };
		B03F8D592BADC82700B38395 /* ContentView.swift */ = {isa = PBXFileReference; fileEncoding = 4; lastKnownFileType = sourcecode.swift; path = ContentView.swift; sourceTree = "<group>"; };
		B03F8D5A2BADC82700B38395 /* MIDIHelper.swift */ = {isa = PBXFileReference; fileEncoding = 4; lastKnownFileType = sourcecode.swift; path = MIDIHelper.swift; sourceTree = "<group>"; };
		B03F8D5B2BADC82700B38395 /* Utilities.swift */ = {isa = PBXFileReference; fileEncoding = 4; lastKnownFileType = sourcecode.swift; path = Utilities.swift; sourceTree = "<group>"; };
		B0C088002BB8284600E454A0 /* InfoPlist.xcstrings */ = {isa = PBXFileReference; lastKnownFileType = text.json.xcstrings; path = InfoPlist.xcstrings; sourceTree = "<group>"; };
		B0C70D502CAAD8E400267BC4 /* HomeyMusicKit */ = {isa = PBXFileReference; lastKnownFileType = wrapper; name = HomeyMusicKit; path = ../HomeyMusicKit; sourceTree = SOURCE_ROOT; };
/* End PBXFileReference section */

/* Begin PBXFrameworksBuildPhase section */
		B03F8D442BADC80700B38395 /* Frameworks */ = {
			isa = PBXFrameworksBuildPhase;
			buildActionMask = 2147483647;
			files = (
				B0E055A82C90C89A00A99DFC /* Tonic in Frameworks */,
				B0C8EFDB2BB37838005874C3 /* Tonic in Frameworks */,
				B0E6937A2BB3774400A584B4 /* Tonic in Frameworks */,
				B03F8D632BADC88C00B38395 /* MIDIKitIO in Frameworks */,
				B0E6937C2BB3778500A584B4 /* Tonic in Frameworks */,
				B0E6937F2BB377C800A584B4 /* Tonic in Frameworks */,
				B03F8D612BADC88C00B38395 /* MIDIKit in Frameworks */,
			);
			runOnlyForDeploymentPostprocessing = 0;
		};
/* End PBXFrameworksBuildPhase section */

/* Begin PBXGroup section */
		B03F8D3E2BADC80700B38395 = {
			isa = PBXGroup;
			children = (
				B0C70D502CAAD8E400267BC4 /* HomeyMusicKit */,
				B0C088002BB8284600E454A0 /* InfoPlist.xcstrings */,
				B03F8D492BADC80700B38395 /* HomeyVisuals */,
				B03F8D482BADC80700B38395 /* Products */,
			);
			sourceTree = "<group>";
		};
		B03F8D482BADC80700B38395 /* Products */ = {
			isa = PBXGroup;
			children = (
				B03F8D472BADC80700B38395 /* HomeyVisuals.app */,
			);
			name = Products;
			sourceTree = "<group>";
		};
		B03F8D492BADC80700B38395 /* HomeyVisuals */ = {
			isa = PBXGroup;
			children = (
				B03F8D4A2BADC80700B38395 /* HomeyVisualsApp.swift */,
				B03F8D592BADC82700B38395 /* ContentView.swift */,
				B03F8D5A2BADC82700B38395 /* MIDIHelper.swift */,
				B03F8D5B2BADC82700B38395 /* Utilities.swift */,
				B03F8D4E2BADC80900B38395 /* Assets.xcassets */,
				B03F8D532BADC80900B38395 /* HomeyVisuals.entitlements */,
				B03F8D502BADC80900B38395 /* Preview Content */,
			);
			path = HomeyVisuals;
			sourceTree = "<group>";
		};
		B03F8D502BADC80900B38395 /* Preview Content */ = {
			isa = PBXGroup;
			children = (
				B03F8D512BADC80900B38395 /* Preview Assets.xcassets */,
			);
			path = "Preview Content";
			sourceTree = "<group>";
		};
/* End PBXGroup section */

/* Begin PBXNativeTarget section */
		B03F8D462BADC80700B38395 /* HomeyVisuals */ = {
			isa = PBXNativeTarget;
			buildConfigurationList = B03F8D562BADC80900B38395 /* Build configuration list for PBXNativeTarget "HomeyVisuals" */;
			buildPhases = (
				B03F8D432BADC80700B38395 /* Sources */,
				B03F8D442BADC80700B38395 /* Frameworks */,
				B03F8D452BADC80700B38395 /* Resources */,
			);
			buildRules = (
			);
			dependencies = (
			);
			name = HomeyVisuals;
			packageProductDependencies = (
				B03F8D602BADC88C00B38395 /* MIDIKit */,
				B03F8D622BADC88C00B38395 /* MIDIKitIO */,
				B0E693792BB3774400A584B4 /* Tonic */,
				B0E6937B2BB3778500A584B4 /* Tonic */,
				B0E6937E2BB377C800A584B4 /* Tonic */,
				B0C8EFDA2BB37838005874C3 /* Tonic */,
				B0E055A72C90C89A00A99DFC /* Tonic */,
			);
			productName = HomeyVisuals;
			productReference = B03F8D472BADC80700B38395 /* HomeyVisuals.app */;
			productType = "com.apple.product-type.application";
		};
/* End PBXNativeTarget section */

/* Begin PBXProject section */
		B03F8D3F2BADC80700B38395 /* Project object */ = {
			isa = PBXProject;
			attributes = {
				BuildIndependentTargetsInParallel = 1;
				LastSwiftUpdateCheck = 1530;
				LastUpgradeCheck = 1540;
				TargetAttributes = {
					B03F8D462BADC80700B38395 = {
						CreatedOnToolsVersion = 15.3;
					};
				};
			};
			buildConfigurationList = B03F8D422BADC80700B38395 /* Build configuration list for PBXProject "HomeyVisuals" */;
			compatibilityVersion = "Xcode 14.0";
			developmentRegion = en;
			hasScannedForEncodings = 0;
			knownRegions = (
				en,
				Base,
			);
			mainGroup = B03F8D3E2BADC80700B38395;
			packageReferences = (
				B03F8D5F2BADC88C00B38395 /* XCRemoteSwiftPackageReference "MIDIKit" */,
				B0C8EFD92BB37838005874C3 /* XCLocalSwiftPackageReference "../Tonic" */,
			);
			productRefGroup = B03F8D482BADC80700B38395 /* Products */;
			projectDirPath = "";
			projectRoot = "";
			targets = (
				B03F8D462BADC80700B38395 /* HomeyVisuals */,
			);
		};
/* End PBXProject section */

/* Begin PBXResourcesBuildPhase section */
		B03F8D452BADC80700B38395 /* Resources */ = {
			isa = PBXResourcesBuildPhase;
			buildActionMask = 2147483647;
			files = (
				B0C088012BB8284600E454A0 /* InfoPlist.xcstrings in Resources */,
				B03F8D522BADC80900B38395 /* Preview Assets.xcassets in Resources */,
				B03F8D4F2BADC80900B38395 /* Assets.xcassets in Resources */,
			);
			runOnlyForDeploymentPostprocessing = 0;
		};
/* End PBXResourcesBuildPhase section */

/* Begin PBXSourcesBuildPhase section */
		B03F8D432BADC80700B38395 /* Sources */ = {
			isa = PBXSourcesBuildPhase;
			buildActionMask = 2147483647;
			files = (
				B03F8D5D2BADC82700B38395 /* MIDIHelper.swift in Sources */,
				B03F8D5C2BADC82700B38395 /* ContentView.swift in Sources */,
				B03F8D5E2BADC82700B38395 /* Utilities.swift in Sources */,
				B03F8D4B2BADC80700B38395 /* HomeyVisualsApp.swift in Sources */,
			);
			runOnlyForDeploymentPostprocessing = 0;
		};
/* End PBXSourcesBuildPhase section */

/* Begin XCBuildConfiguration section */
		B03F8D542BADC80900B38395 /* Debug */ = {
			isa = XCBuildConfiguration;
			buildSettings = {
				ALWAYS_SEARCH_USER_PATHS = NO;
				ASSETCATALOG_COMPILER_GENERATE_SWIFT_ASSET_SYMBOL_EXTENSIONS = YES;
				CLANG_ANALYZER_NONNULL = YES;
				CLANG_ANALYZER_NUMBER_OBJECT_CONVERSION = YES_AGGRESSIVE;
				CLANG_CXX_LANGUAGE_STANDARD = "gnu++20";
				CLANG_ENABLE_MODULES = YES;
				CLANG_ENABLE_OBJC_ARC = YES;
				CLANG_ENABLE_OBJC_WEAK = YES;
				CLANG_WARN_BLOCK_CAPTURE_AUTORELEASING = YES;
				CLANG_WARN_BOOL_CONVERSION = YES;
				CLANG_WARN_COMMA = YES;
				CLANG_WARN_CONSTANT_CONVERSION = YES;
				CLANG_WARN_DEPRECATED_OBJC_IMPLEMENTATIONS = YES;
				CLANG_WARN_DIRECT_OBJC_ISA_USAGE = YES_ERROR;
				CLANG_WARN_DOCUMENTATION_COMMENTS = YES;
				CLANG_WARN_EMPTY_BODY = YES;
				CLANG_WARN_ENUM_CONVERSION = YES;
				CLANG_WARN_INFINITE_RECURSION = YES;
				CLANG_WARN_INT_CONVERSION = YES;
				CLANG_WARN_NON_LITERAL_NULL_CONVERSION = YES;
				CLANG_WARN_OBJC_IMPLICIT_RETAIN_SELF = YES;
				CLANG_WARN_OBJC_LITERAL_CONVERSION = YES;
				CLANG_WARN_OBJC_ROOT_CLASS = YES_ERROR;
				CLANG_WARN_QUOTED_INCLUDE_IN_FRAMEWORK_HEADER = YES;
				CLANG_WARN_RANGE_LOOP_ANALYSIS = YES;
				CLANG_WARN_STRICT_PROTOTYPES = YES;
				CLANG_WARN_SUSPICIOUS_MOVE = YES;
				CLANG_WARN_UNGUARDED_AVAILABILITY = YES_AGGRESSIVE;
				CLANG_WARN_UNREACHABLE_CODE = YES;
				CLANG_WARN__DUPLICATE_METHOD_MATCH = YES;
				COPY_PHASE_STRIP = NO;
				DEAD_CODE_STRIPPING = YES;
				DEBUG_INFORMATION_FORMAT = dwarf;
				ENABLE_STRICT_OBJC_MSGSEND = YES;
				ENABLE_TESTABILITY = YES;
				ENABLE_USER_SCRIPT_SANDBOXING = YES;
				GCC_C_LANGUAGE_STANDARD = gnu17;
				GCC_DYNAMIC_NO_PIC = NO;
				GCC_NO_COMMON_BLOCKS = YES;
				GCC_OPTIMIZATION_LEVEL = 0;
				GCC_PREPROCESSOR_DEFINITIONS = (
					"DEBUG=1",
					"$(inherited)",
				);
				GCC_WARN_64_TO_32_BIT_CONVERSION = YES;
				GCC_WARN_ABOUT_RETURN_TYPE = YES_ERROR;
				GCC_WARN_UNDECLARED_SELECTOR = YES;
				GCC_WARN_UNINITIALIZED_AUTOS = YES_AGGRESSIVE;
				GCC_WARN_UNUSED_FUNCTION = YES;
				GCC_WARN_UNUSED_VARIABLE = YES;
				LOCALIZATION_PREFERS_STRING_CATALOGS = YES;
				MACOSX_DEPLOYMENT_TARGET = 14.3;
				MTL_ENABLE_DEBUG_INFO = INCLUDE_SOURCE;
				MTL_FAST_MATH = YES;
				ONLY_ACTIVE_ARCH = YES;
				SDKROOT = macosx;
				SWIFT_ACTIVE_COMPILATION_CONDITIONS = "DEBUG $(inherited)";
				SWIFT_OPTIMIZATION_LEVEL = "-Onone";
			};
			name = Debug;
		};
		B03F8D552BADC80900B38395 /* Release */ = {
			isa = XCBuildConfiguration;
			buildSettings = {
				ALWAYS_SEARCH_USER_PATHS = NO;
				ASSETCATALOG_COMPILER_GENERATE_SWIFT_ASSET_SYMBOL_EXTENSIONS = YES;
				CLANG_ANALYZER_NONNULL = YES;
				CLANG_ANALYZER_NUMBER_OBJECT_CONVERSION = YES_AGGRESSIVE;
				CLANG_CXX_LANGUAGE_STANDARD = "gnu++20";
				CLANG_ENABLE_MODULES = YES;
				CLANG_ENABLE_OBJC_ARC = YES;
				CLANG_ENABLE_OBJC_WEAK = YES;
				CLANG_WARN_BLOCK_CAPTURE_AUTORELEASING = YES;
				CLANG_WARN_BOOL_CONVERSION = YES;
				CLANG_WARN_COMMA = YES;
				CLANG_WARN_CONSTANT_CONVERSION = YES;
				CLANG_WARN_DEPRECATED_OBJC_IMPLEMENTATIONS = YES;
				CLANG_WARN_DIRECT_OBJC_ISA_USAGE = YES_ERROR;
				CLANG_WARN_DOCUMENTATION_COMMENTS = YES;
				CLANG_WARN_EMPTY_BODY = YES;
				CLANG_WARN_ENUM_CONVERSION = YES;
				CLANG_WARN_INFINITE_RECURSION = YES;
				CLANG_WARN_INT_CONVERSION = YES;
				CLANG_WARN_NON_LITERAL_NULL_CONVERSION = YES;
				CLANG_WARN_OBJC_IMPLICIT_RETAIN_SELF = YES;
				CLANG_WARN_OBJC_LITERAL_CONVERSION = YES;
				CLANG_WARN_OBJC_ROOT_CLASS = YES_ERROR;
				CLANG_WARN_QUOTED_INCLUDE_IN_FRAMEWORK_HEADER = YES;
				CLANG_WARN_RANGE_LOOP_ANALYSIS = YES;
				CLANG_WARN_STRICT_PROTOTYPES = YES;
				CLANG_WARN_SUSPICIOUS_MOVE = YES;
				CLANG_WARN_UNGUARDED_AVAILABILITY = YES_AGGRESSIVE;
				CLANG_WARN_UNREACHABLE_CODE = YES;
				CLANG_WARN__DUPLICATE_METHOD_MATCH = YES;
				COPY_PHASE_STRIP = NO;
				DEAD_CODE_STRIPPING = YES;
				DEBUG_INFORMATION_FORMAT = "dwarf-with-dsym";
				ENABLE_NS_ASSERTIONS = NO;
				ENABLE_STRICT_OBJC_MSGSEND = YES;
				ENABLE_USER_SCRIPT_SANDBOXING = YES;
				GCC_C_LANGUAGE_STANDARD = gnu17;
				GCC_NO_COMMON_BLOCKS = YES;
				GCC_WARN_64_TO_32_BIT_CONVERSION = YES;
				GCC_WARN_ABOUT_RETURN_TYPE = YES_ERROR;
				GCC_WARN_UNDECLARED_SELECTOR = YES;
				GCC_WARN_UNINITIALIZED_AUTOS = YES_AGGRESSIVE;
				GCC_WARN_UNUSED_FUNCTION = YES;
				GCC_WARN_UNUSED_VARIABLE = YES;
				LOCALIZATION_PREFERS_STRING_CATALOGS = YES;
				MACOSX_DEPLOYMENT_TARGET = 14.3;
				MTL_ENABLE_DEBUG_INFO = NO;
				MTL_FAST_MATH = YES;
				SDKROOT = macosx;
				SWIFT_COMPILATION_MODE = wholemodule;
			};
			name = Release;
		};
		B03F8D572BADC80900B38395 /* Debug */ = {
			isa = XCBuildConfiguration;
			buildSettings = {
				ASSETCATALOG_COMPILER_APPICON_NAME = AppIcon;
				ASSETCATALOG_COMPILER_GLOBAL_ACCENT_COLOR_NAME = AccentColor;
				ASSETCATALOG_COMPILER_INCLUDE_ALL_APPICON_ASSETS = YES;
				CODE_SIGN_ENTITLEMENTS = HomeyVisuals/HomeyVisuals.entitlements;
				"CODE_SIGN_IDENTITY[sdk=macosx*]" = "Apple Development";
				CODE_SIGN_STYLE = Automatic;
				COMBINE_HIDPI_IMAGES = YES;
				CURRENT_PROJECT_VERSION = 1;
				DEAD_CODE_STRIPPING = YES;
				DEVELOPMENT_ASSET_PATHS = "\"HomeyVisuals/Preview Content\"";
				DEVELOPMENT_TEAM = 694886K98M;
				ENABLE_HARDENED_RUNTIME = YES;
				ENABLE_PREVIEWS = YES;
				GENERATE_INFOPLIST_FILE = YES;
				INFOPLIST_KEY_CFBundleDisplayName = "$(PRODUCT_NAME)";
				INFOPLIST_KEY_NSHumanReadableCopyright = "";
				LD_RUNPATH_SEARCH_PATHS = (
					"$(inherited)",
					"@executable_path/../Frameworks",
				);
				MARKETING_VERSION = 1.0;
				PRODUCT_BUNDLE_IDENTIFIER = com.HomeyMusic.HomeyVisuals;
				PRODUCT_NAME = "$(TARGET_NAME)";
				SWIFT_EMIT_LOC_STRINGS = YES;
				SWIFT_VERSION = 5.0;
			};
			name = Debug;
		};
		B03F8D582BADC80900B38395 /* Release */ = {
			isa = XCBuildConfiguration;
			buildSettings = {
				ASSETCATALOG_COMPILER_APPICON_NAME = AppIcon;
				ASSETCATALOG_COMPILER_GLOBAL_ACCENT_COLOR_NAME = AccentColor;
				ASSETCATALOG_COMPILER_INCLUDE_ALL_APPICON_ASSETS = YES;
				CODE_SIGN_ENTITLEMENTS = HomeyVisuals/HomeyVisuals.entitlements;
				"CODE_SIGN_IDENTITY[sdk=macosx*]" = "Apple Development";
				CODE_SIGN_STYLE = Automatic;
				COMBINE_HIDPI_IMAGES = YES;
				CURRENT_PROJECT_VERSION = 1;
				DEAD_CODE_STRIPPING = YES;
				DEVELOPMENT_ASSET_PATHS = "\"HomeyVisuals/Preview Content\"";
				DEVELOPMENT_TEAM = 694886K98M;
				ENABLE_HARDENED_RUNTIME = YES;
				ENABLE_PREVIEWS = YES;
				GENERATE_INFOPLIST_FILE = YES;
				INFOPLIST_KEY_CFBundleDisplayName = "$(PRODUCT_NAME)";
				INFOPLIST_KEY_NSHumanReadableCopyright = "";
				LD_RUNPATH_SEARCH_PATHS = (
					"$(inherited)",
					"@executable_path/../Frameworks",
				);
				MARKETING_VERSION = 1.0;
				PRODUCT_BUNDLE_IDENTIFIER = com.HomeyMusic.HomeyVisuals;
				PRODUCT_NAME = "$(TARGET_NAME)";
				SWIFT_EMIT_LOC_STRINGS = YES;
				SWIFT_VERSION = 5.0;
			};
			name = Release;
		};
/* End XCBuildConfiguration section */

/* Begin XCConfigurationList section */
		B03F8D422BADC80700B38395 /* Build configuration list for PBXProject "HomeyVisuals" */ = {
			isa = XCConfigurationList;
			buildConfigurations = (
				B03F8D542BADC80900B38395 /* Debug */,
				B03F8D552BADC80900B38395 /* Release */,
			);
			defaultConfigurationIsVisible = 0;
			defaultConfigurationName = Release;
		};
		B03F8D562BADC80900B38395 /* Build configuration list for PBXNativeTarget "HomeyVisuals" */ = {
			isa = XCConfigurationList;
			buildConfigurations = (
				B03F8D572BADC80900B38395 /* Debug */,
				B03F8D582BADC80900B38395 /* Release */,
			);
			defaultConfigurationIsVisible = 0;
			defaultConfigurationName = Release;
		};
/* End XCConfigurationList section */

/* Begin XCLocalSwiftPackageReference section */
		B0C8EFD92BB37838005874C3 /* XCLocalSwiftPackageReference "../Tonic" */ = {
			isa = XCLocalSwiftPackageReference;
			relativePath = ../Tonic;
		};
/* End XCLocalSwiftPackageReference section */

/* Begin XCRemoteSwiftPackageReference section */
		B03F8D5F2BADC88C00B38395 /* XCRemoteSwiftPackageReference "MIDIKit" */ = {
			isa = XCRemoteSwiftPackageReference;
			repositoryURL = "https://github.com/orchetect/MIDIKit";
			requirement = {
				kind = upToNextMajorVersion;
				minimumVersion = 0.9.5;
			};
		};
/* End XCRemoteSwiftPackageReference section */

/* Begin XCSwiftPackageProductDependency section */
		B03F8D602BADC88C00B38395 /* MIDIKit */ = {
			isa = XCSwiftPackageProductDependency;
			package = B03F8D5F2BADC88C00B38395 /* XCRemoteSwiftPackageReference "MIDIKit" */;
			productName = MIDIKit;
		};
		B03F8D622BADC88C00B38395 /* MIDIKitIO */ = {
			isa = XCSwiftPackageProductDependency;
			package = B03F8D5F2BADC88C00B38395 /* XCRemoteSwiftPackageReference "MIDIKit" */;
			productName = MIDIKitIO;
		};
		B0C8EFDA2BB37838005874C3 /* Tonic */ = {
			isa = XCSwiftPackageProductDependency;
			productName = Tonic;
		};
		B0E055A72C90C89A00A99DFC /* Tonic */ = {
			isa = XCSwiftPackageProductDependency;
			productName = Tonic;
		};
		B0E693792BB3774400A584B4 /* Tonic */ = {
			isa = XCSwiftPackageProductDependency;
			productName = Tonic;
		};
		B0E6937B2BB3778500A584B4 /* Tonic */ = {
			isa = XCSwiftPackageProductDependency;
			productName = Tonic;
		};
		B0E6937E2BB377C800A584B4 /* Tonic */ = {
			isa = XCSwiftPackageProductDependency;
			productName = Tonic;
		};
/* End XCSwiftPackageProductDependency section */
	};
	rootObject = B03F8D3F2BADC80700B38395 /* Project object */;
}
