{
  "originHash" : "e2e7744e4180201f07997be4edb14369523772edeb92432716064c4d381c66b2",
  "pins" : [
    {
      "identity" : "midikit",
      "kind" : "remoteSourceControl",
      "location" : "https://github.com/orchetect/MIDIKit",
      "state" : {
        "revision" : "6902607ec98a4b8b54cac6d2a4d89fd860284819",
        "version" : "0.10.1"
      }
    },
    {
      "identity" : "timecodekit",
      "kind" : "remoteSourceControl",
      "location" : "https://github.com/orchetect/TimecodeKit",
      "state" : {
        "revision" : "1014b5723a7eaa93eeb2ea2f52dfd9ea6eb6be0d",
        "version" : "2.3.3"
      }
    }
  ],
  "version" : 3
}
