{
  "originHash" : "cf0efe5407c19b0aa3e9a49a71c10fe9ce57930ff2e014291391f4cd545635b0",
  "pins" : [
    {
      "identity" : "midikit",
      "kind" : "remoteSourceControl",
      "location" : "https://github.com/orchetect/MIDIKit",
      "state" : {
        "revision" : "23a5b271882b76330bb792277c57ecdb33c168cd",
        "version" : "0.9.7"
      }
    },
    {
      "identity" : "timecodekit",
      "kind" : "remoteSourceControl",
      "location" : "https://github.com/orchetect/TimecodeKit",
      "state" : {
        "revision" : "01006cd3d0555b4a38deea95d8f3c5c07c1e099b",
        "version" : "2.2.0"
      }
    }
  ],
  "version" : 3
}
